
Microsoft Visual Studio Solution File, Format Version 12.00
# Visual Studio Version 16
VisualStudioVersion = 16.0.29905.134
MinimumVisualStudioVersion = 10.0.40219.1
Project("{FAE04EC0-301F-11D3-BF4B-00C04F79EFBC}") = "ChuyenDe1", "ChuyenDe1.csproj", "{2E9AD25D-9572-4841-88AE-24AEA81F01A8}"
EndProject
Global
	GlobalSection(SolutionConfigurationPlatforms) = preSolution
		Debug|Any CPU = Debug|Any CPU
		Release|Any CPU = Release|Any CPU
	EndGlobalSection
	GlobalSection(ProjectConfigurationPlatforms) = postSolution
		{2E9AD25D-9572-4841-88AE-24AEA81F01A8}.Debug|Any CPU.ActiveCfg = Debug|Any CPU
		{2E9AD25D-9572-4841-88AE-24AEA81F01A8}.Debug|Any CPU.Build.0 = Debug|Any CPU
		{2E9AD25D-9572-4841-88AE-24AEA81F01A8}.Release|Any CPU.ActiveCfg = Release|Any CPU
		{2E9AD25D-9572-4841-88AE-24AEA81F01A8}.Release|Any CPU.Build.0 = Release|Any CPU
	EndGlobalSection
	GlobalSection(SolutionProperties) = preSolution
		HideSolutionNode = FALSE
	EndGlobalSection
	GlobalSection(ExtensibilityGlobals) = postSolution
		SolutionGuid = {C8680D1A-6EA7-47F2-A770-B9FB4E310CB6}
	EndGlobalSection
EndGlobal
